// !$*UTF8*$!
{
	archiveVersion = 1;
	classes = {
	};
	objectVersion = 46;
	objects = {

/* Begin PBXBuildFile section */
		74A86D451E56EA490012D0C9 /* main.m in Sources */ = {isa = PBXBuildFile; fileRef = 74A86D441E56EA490012D0C9 /* main.m */; };
		74A86D481E56EA490012D0C9 /* AppDelegate.m in Sources */ = {isa = PBXBuildFile; fileRef = 74A86D471E56EA490012D0C9 /* AppDelegate.m */; };
		74A86D4B1E56EA490012D0C9 /* ViewController.m in Sources */ = {isa = PBXBuildFile; fileRef = 74A86D4A1E56EA490012D0C9 /* ViewController.m */; };
		74A86D4E1E56EA490012D0C9 /* Main.storyboard in Resources */ = {isa = PBXBuildFile; fileRef = 74A86D4C1E56EA490012D0C9 /* Main.storyboard */; };
		74A86D501E56EA490012D0C9 /* Assets.xcassets in Resources */ = {isa = PBXBuildFile; fileRef = 74A86D4F1E56EA490012D0C9 /* Assets.xcassets */; };
		74A86D531E56EA490012D0C9 /* LaunchScreen.storyboard in Resources */ = {isa = PBXBuildFile; fileRef = 74A86D511E56EA490012D0C9 /* LaunchScreen.storyboard */; };
		74A86D5E1E56EA4A0012D0C9 /* _____Tests.m in Sources */ = {isa = PBXBuildFile; fileRef = 74A86D5D1E56EA4A0012D0C9 /* _____Tests.m */; };
		74A86D691E56EA4A0012D0C9 /* _____UITests.m in Sources */ = {isa = PBXBuildFile; fileRef = 74A86D681E56EA4A0012D0C9 /* _____UITests.m */; };
		74A86D781E56EAA40012D0C9 /* CountDownServer.m in Sources */ = {isa = PBXBuildFile; fileRef = 74A86D771E56EAA40012D0C9 /* CountDownServer.m */; };
/* End PBXBuildFile section */

/* Begin PBXContainerItemProxy section */
		74A86D5A1E56EA4A0012D0C9 /* PBXContainerItemProxy */ = {
			isa = PBXContainerItemProxy;
			containerPortal = 74A86D381E56EA490012D0C9 /* Project object */;
			proxyType = 1;
			remoteGlobalIDString = 74A86D3F1E56EA490012D0C9;
			remoteInfo = "验证倒计时";
		};
		74A86D651E56EA4A0012D0C9 /* PBXContainerItemProxy */ = {
			isa = PBXContainerItemProxy;
			containerPortal = 74A86D381E56EA490012D0C9 /* Project object */;
			proxyType = 1;
			remoteGlobalIDString = 74A86D3F1E56EA490012D0C9;
			remoteInfo = "验证倒计时";
		};
/* End PBXContainerItemProxy section */

/* Begin PBXFileReference section */
		74A86D401E56EA490012D0C9 /* 验证倒计时.app */ = {isa = PBXFileReference; explicitFileType = wrapper.application; includeInIndex = 0; path = "验证倒计时.app"; sourceTree = BUILT_PRODUCTS_DIR; };
		74A86D441E56EA490012D0C9 /* main.m */ = {isa = PBXFileReference; lastKnownFileType = sourcecode.c.objc; path = main.m; sourceTree = "<group>"; };
		74A86D461E56EA490012D0C9 /* AppDelegate.h */ = {isa = PBXFileReference; lastKnownFileType = sourcecode.c.h; path = AppDelegate.h; sourceTree = "<group>"; };
		74A86D471E56EA490012D0C9 /* AppDelegate.m */ = {isa = PBXFileReference; lastKnownFileType = sourcecode.c.objc; path = AppDelegate.m; sourceTree = "<group>"; };
		74A86D491E56EA490012D0C9 /* ViewController.h */ = {isa = PBXFileReference; lastKnownFileType = sourcecode.c.h; path = ViewController.h; sourceTree = "<group>"; };
		74A86D4A1E56EA490012D0C9 /* ViewController.m */ = {isa = PBXFileReference; lastKnownFileType = sourcecode.c.objc; path = ViewController.m; sourceTree = "<group>"; };
		74A86D4D1E56EA490012D0C9 /* Base */ = {isa = PBXFileReference; lastKnownFileType = file.storyboard; name = Base; path = Base.lproj/Main.storyboard; sourceTree = "<group>"; };
		74A86D4F1E56EA490012D0C9 /* Assets.xcassets */ = {isa = PBXFileReference; lastKnownFileType = folder.assetcatalog; path = Assets.xcassets; sourceTree = "<group>"; };
		74A86D521E56EA490012D0C9 /* Base */ = {isa = PBXFileReference; lastKnownFileType = file.storyboard; name = Base; path = Base.lproj/LaunchScreen.storyboard; sourceTree = "<group>"; };
		74A86D541E56EA490012D0C9 /* Info.plist */ = {isa = PBXFileReference; lastKnownFileType = text.plist.xml; path = Info.plist; sourceTree = "<group>"; };
		74A86D591E56EA4A0012D0C9 /* 验证倒计时Tests.xctest */ = {isa = PBXFileReference; explicitFileType = wrapper.cfbundle; includeInIndex = 0; path = "验证倒计时Tests.xctest"; sourceTree = BUILT_PRODUCTS_DIR; };
		74A86D5D1E56EA4A0012D0C9 /* _____Tests.m */ = {isa = PBXFileReference; lastKnownFileType = sourcecode.c.objc; path = "_____Tests.m"; sourceTree = "<group>"; };
		74A86D5F1E56EA4A0012D0C9 /* Info.plist */ = {isa = PBXFileReference; lastKnownFileType = text.plist.xml; path = Info.plist; sourceTree = "<group>"; };
		74A86D641E56EA4A0012D0C9 /* 验证倒计时UITests.xctest */ = {isa = PBXFileReference; explicitFileType = wrapper.cfbundle; includeInIndex = 0; path = "验证倒计时UITests.xctest"; sourceTree = BUILT_PRODUCTS_DIR; };
		74A86D681E56EA4A0012D0C9 /* _____UITests.m */ = {isa = PBXFileReference; lastKnownFileType = sourcecode.c.objc; path = "_____UITests.m"; sourceTree = "<group>"; };
		74A86D6A1E56EA4A0012D0C9 /* Info.plist */ = {isa = PBXFileReference; lastKnownFileType = text.plist.xml; path = Info.plist; sourceTree = "<group>"; };
		74A86D761E56EAA40012D0C9 /* CountDownServer.h */ = {isa = PBXFileReference; fileEncoding = 4; lastKnownFileType = sourcecode.c.h; path = CountDownServer.h; sourceTree = "<group>"; };
		74A86D771E56EAA40012D0C9 /* CountDownServer.m */ = {isa = PBXFileReference; fileEncoding = 4; lastKnownFileType = sourcecode.c.objc; path = CountDownServer.m; sourceTree = "<group>"; };
/* End PBXFileReference section */

/* Begin PBXFrameworksBuildPhase section */
		74A86D3D1E56EA490012D0C9 /* Frameworks */ = {
			isa = PBXFrameworksBuildPhase;
			buildActionMask = 2147483647;
			files = (
			);
			runOnlyForDeploymentPostprocessing = 0;
		};
		74A86D561E56EA4A0012D0C9 /* Frameworks */ = {
			isa = PBXFrameworksBuildPhase;
			buildActionMask = 2147483647;
			files = (
			);
			runOnlyForDeploymentPostprocessing = 0;
		};
		74A86D611E56EA4A0012D0C9 /* Frameworks */ = {
			isa = PBXFrameworksBuildPhase;
			buildActionMask = 2147483647;
			files = (
			);
			runOnlyForDeploymentPostprocessing = 0;
		};
/* End PBXFrameworksBuildPhase section */

/* Begin PBXGroup section */
		74A86D371E56EA490012D0C9 = {
			isa = PBXGroup;
			children = (
				74A86D421E56EA490012D0C9 /* 验证倒计时 */,
				74A86D5C1E56EA4A0012D0C9 /* 验证倒计时Tests */,
				74A86D671E56EA4A0012D0C9 /* 验证倒计时UITests */,
				74A86D411E56EA490012D0C9 /* Products */,
			);
			sourceTree = "<group>";
		};
		74A86D411E56EA490012D0C9 /* Products */ = {
			isa = PBXGroup;
			children = (
				74A86D401E56EA490012D0C9 /* 验证倒计时.app */,
				74A86D591E56EA4A0012D0C9 /* 验证倒计时Tests.xctest */,
				74A86D641E56EA4A0012D0C9 /* 验证倒计时UITests.xctest */,
			);
			name = Products;
			sourceTree = "<group>";
		};
		74A86D421E56EA490012D0C9 /* 验证倒计时 */ = {
			isa = PBXGroup;
			children = (
				74A86D461E56EA490012D0C9 /* AppDelegate.h */,
				74A86D471E56EA490012D0C9 /* AppDelegate.m */,
				74A86D491E56EA490012D0C9 /* ViewController.h */,
				74A86D4A1E56EA490012D0C9 /* ViewController.m */,
				74A86D761E56EAA40012D0C9 /* CountDownServer.h */,
				74A86D771E56EAA40012D0C9 /* CountDownServer.m */,
				74A86D4C1E56EA490012D0C9 /* Main.storyboard */,
				74A86D4F1E56EA490012D0C9 /* Assets.xcassets */,
				74A86D511E56EA490012D0C9 /* LaunchScreen.storyboard */,
				74A86D541E56EA490012D0C9 /* Info.plist */,
				74A86D431E56EA490012D0C9 /* Supporting Files */,
			);
			path = "验证倒计时";
			sourceTree = "<group>";
		};
		74A86D431E56EA490012D0C9 /* Supporting Files */ = {
			isa = PBXGroup;
			children = (
				74A86D441E56EA490012D0C9 /* main.m */,
			);
			name = "Supporting Files";
			sourceTree = "<group>";
		};
		74A86D5C1E56EA4A0012D0C9 /* 验证倒计时Tests */ = {
			isa = PBXGroup;
			children = (
				74A86D5D1E56EA4A0012D0C9 /* _____Tests.m */,
				74A86D5F1E56EA4A0012D0C9 /* Info.plist */,
			);
			path = "验证倒计时Tests";
			sourceTree = "<group>";
		};
		74A86D671E56EA4A0012D0C9 /* 验证倒计时UITests */ = {
			isa = PBXGroup;
			children = (
				74A86D681E56EA4A0012D0C9 /* _____UITests.m */,
				74A86D6A1E56EA4A0012D0C9 /* Info.plist */,
			);
			path = "验证倒计时UITests";
			sourceTree = "<group>";
		};
/* End PBXGroup section */

/* Begin PBXNativeTarget section */
		74A86D3F1E56EA490012D0C9 /* 验证倒计时 */ = {
			isa = PBXNativeTarget;
			buildConfigurationList = 74A86D6D1E56EA4A0012D0C9 /* Build configuration list for PBXNativeTarget "验证倒计时" */;
			buildPhases = (
				74A86D3C1E56EA490012D0C9 /* Sources */,
				74A86D3D1E56EA490012D0C9 /* Frameworks */,
				74A86D3E1E56EA490012D0C9 /* Resources */,
			);
			buildRules = (
			);
			dependencies = (
			);
			name = "验证倒计时";
			productName = "验证倒计时";
			productReference = 74A86D401E56EA490012D0C9 /* 验证倒计时.app */;
			productType = "com.apple.product-type.application";
		};
		74A86D581E56EA4A0012D0C9 /* 验证倒计时Tests */ = {
			isa = PBXNativeTarget;
			buildConfigurationList = 74A86D701E56EA4A0012D0C9 /* Build configuration list for PBXNativeTarget "验证倒计时Tests" */;
			buildPhases = (
				74A86D551E56EA4A0012D0C9 /* Sources */,
				74A86D561E56EA4A0012D0C9 /* Frameworks */,
				74A86D571E56EA4A0012D0C9 /* Resources */,
			);
			buildRules = (
			);
			dependencies = (
				74A86D5B1E56EA4A0012D0C9 /* PBXTargetDependency */,
			);
			name = "验证倒计时Tests";
			productName = "验证倒计时Tests";
			productReference = 74A86D591E56EA4A0012D0C9 /* 验证倒计时Tests.xctest */;
			productType = "com.apple.product-type.bundle.unit-test";
		};
		74A86D631E56EA4A0012D0C9 /* 验证倒计时UITests */ = {
			isa = PBXNativeTarget;
			buildConfigurationList = 74A86D731E56EA4A0012D0C9 /* Build configuration list for PBXNativeTarget "验证倒计时UITests" */;
			buildPhases = (
				74A86D601E56EA4A0012D0C9 /* Sources */,
				74A86D611E56EA4A0012D0C9 /* Frameworks */,
				74A86D621E56EA4A0012D0C9 /* Resources */,
			);
			buildRules = (
			);
			dependencies = (
				74A86D661E56EA4A0012D0C9 /* PBXTargetDependency */,
			);
			name = "验证倒计时UITests";
			productName = "验证倒计时UITests";
			productReference = 74A86D641E56EA4A0012D0C9 /* 验证倒计时UITests.xctest */;
			productType = "com.apple.product-type.bundle.ui-testing";
		};
/* End PBXNativeTarget section */

/* Begin PBXProject section */
		74A86D381E56EA490012D0C9 /* Project object */ = {
			isa = PBXProject;
			attributes = {
				LastUpgradeCheck = 0730;
				ORGANIZATIONNAME = "纵昂";
				TargetAttributes = {
					74A86D3F1E56EA490012D0C9 = {
						CreatedOnToolsVersion = 7.3.1;
					};
					74A86D581E56EA4A0012D0C9 = {
						CreatedOnToolsVersion = 7.3.1;
						TestTargetID = 74A86D3F1E56EA490012D0C9;
					};
					74A86D631E56EA4A0012D0C9 = {
						CreatedOnToolsVersion = 7.3.1;
						TestTargetID = 74A86D3F1E56EA490012D0C9;
					};
				};
			};
			buildConfigurationList = 74A86D3B1E56EA490012D0C9 /* Build configuration list for PBXProject "验证倒计时" */;
			compatibilityVersion = "Xcode 3.2";
			developmentRegion = English;
			hasScannedForEncodings = 0;
			knownRegions = (
				en,
				Base,
			);
			mainGroup = 74A86D371E56EA490012D0C9;
			productRefGroup = 74A86D411E56EA490012D0C9 /* Products */;
			projectDirPath = "";
			projectRoot = "";
			targets = (
				74A86D3F1E56EA490012D0C9 /* 验证倒计时 */,
				74A86D581E56EA4A0012D0C9 /* 验证倒计时Tests */,
				74A86D631E56EA4A0012D0C9 /* 验证倒计时UITests */,
			);
		};
/* End PBXProject section */

/* Begin PBXResourcesBuildPhase section */
		74A86D3E1E56EA490012D0C9 /* Resources */ = {
			isa = PBXResourcesBuildPhase;
			buildActionMask = 2147483647;
			files = (
				74A86D531E56EA490012D0C9 /* LaunchScreen.storyboard in Resources */,
				74A86D501E56EA490012D0C9 /* Assets.xcassets in Resources */,
				74A86D4E1E56EA490012D0C9 /* Main.storyboard in Resources */,
			);
			runOnlyForDeploymentPostprocessing = 0;
		};
		74A86D571E56EA4A0012D0C9 /* Resources */ = {
			isa = PBXResourcesBuildPhase;
			buildActionMask = 2147483647;
			files = (
			);
			runOnlyForDeploymentPostprocessing = 0;
		};
		74A86D621E56EA4A0012D0C9 /* Resources */ = {
			isa = PBXResourcesBuildPhase;
			buildActionMask = 2147483647;
			files = (
			);
			runOnlyForDeploymentPostprocessing = 0;
		};
/* End PBXResourcesBuildPhase section */

/* Begin PBXSourcesBuildPhase section */
		74A86D3C1E56EA490012D0C9 /* Sources */ = {
			isa = PBXSourcesBuildPhase;
			buildActionMask = 2147483647;
			files = (
				74A86D781E56EAA40012D0C9 /* CountDownServer.m in Sources */,
				74A86D4B1E56EA490012D0C9 /* ViewController.m in Sources */,
				74A86D481E56EA490012D0C9 /* AppDelegate.m in Sources */,
				74A86D451E56EA490012D0C9 /* main.m in Sources */,
			);
			runOnlyForDeploymentPostprocessing = 0;
		};
		74A86D551E56EA4A0012D0C9 /* Sources */ = {
			isa = PBXSourcesBuildPhase;
			buildActionMask = 2147483647;
			files = (
				74A86D5E1E56EA4A0012D0C9 /* _____Tests.m in Sources */,
			);
			runOnlyForDeploymentPostprocessing = 0;
		};
		74A86D601E56EA4A0012D0C9 /* Sources */ = {
			isa = PBXSourcesBuildPhase;
			buildActionMask = 2147483647;
			files = (
				74A86D691E56EA4A0012D0C9 /* _____UITests.m in Sources */,
			);
			runOnlyForDeploymentPostprocessing = 0;
		};
/* End PBXSourcesBuildPhase section */

/* Begin PBXTargetDependency section */
		74A86D5B1E56EA4A0012D0C9 /* PBXTargetDependency */ = {
			isa = PBXTargetDependency;
			target = 74A86D3F1E56EA490012D0C9 /* 验证倒计时 */;
			targetProxy = 74A86D5A1E56EA4A0012D0C9 /* PBXContainerItemProxy */;
		};
		74A86D661E56EA4A0012D0C9 /* PBXTargetDependency */ = {
			isa = PBXTargetDependency;
			target = 74A86D3F1E56EA490012D0C9 /* 验证倒计时 */;
			targetProxy = 74A86D651E56EA4A0012D0C9 /* PBXContainerItemProxy */;
		};
/* End PBXTargetDependency section */

/* Begin PBXVariantGroup section */
		74A86D4C1E56EA490012D0C9 /* Main.storyboard */ = {
			isa = PBXVariantGroup;
			children = (
				74A86D4D1E56EA490012D0C9 /* Base */,
			);
			name = Main.storyboard;
			sourceTree = "<group>";
		};
		74A86D511E56EA490012D0C9 /* LaunchScreen.storyboard */ = {
			isa = PBXVariantGroup;
			children = (
				74A86D521E56EA490012D0C9 /* Base */,
			);
			name = LaunchScreen.storyboard;
			sourceTree = "<group>";
		};
/* End PBXVariantGroup section */

/* Begin XCBuildConfiguration section */
		74A86D6B1E56EA4A0012D0C9 /* Debug */ = {
			isa = XCBuildConfiguration;
			buildSettings = {
				ALWAYS_SEARCH_USER_PATHS = NO;
				CLANG_ANALYZER_NONNULL = YES;
				CLANG_CXX_LANGUAGE_STANDARD = "gnu++0x";
				CLANG_CXX_LIBRARY = "libc++";
				CLANG_ENABLE_MODULES = YES;
				CLANG_ENABLE_OBJC_ARC = YES;
				CLANG_WARN_BOOL_CONVERSION = YES;
				CLANG_WARN_CONSTANT_CONVERSION = YES;
				CLANG_WARN_DIRECT_OBJC_ISA_USAGE = YES_ERROR;
				CLANG_WARN_EMPTY_BODY = YES;
				CLANG_WARN_ENUM_CONVERSION = YES;
				CLANG_WARN_INT_CONVERSION = YES;
				CLANG_WARN_OBJC_ROOT_CLASS = YES_ERROR;
				CLANG_WARN_UNREACHABLE_CODE = YES;
				CLANG_WARN__DUPLICATE_METHOD_MATCH = YES;
				"CODE_SIGN_IDENTITY[sdk=iphoneos*]" = "iPhone Developer";
				COPY_PHASE_STRIP = NO;
				DEBUG_INFORMATION_FORMAT = dwarf;
				ENABLE_STRICT_OBJC_MSGSEND = YES;
				ENABLE_TESTABILITY = YES;
				GCC_C_LANGUAGE_STANDARD = gnu99;
				GCC_DYNAMIC_NO_PIC = NO;
				GCC_NO_COMMON_BLOCKS = YES;
				GCC_OPTIMIZATION_LEVEL = 0;
				GCC_PREPROCESSOR_DEFINITIONS = (
					"DEBUG=1",
					"$(inherited)",
				);
				GCC_WARN_64_TO_32_BIT_CONVERSION = YES;
				GCC_WARN_ABOUT_RETURN_TYPE = YES_ERROR;
				GCC_WARN_UNDECLARED_SELECTOR = YES;
				GCC_WARN_UNINITIALIZED_AUTOS = YES_AGGRESSIVE;
				GCC_WARN_UNUSED_FUNCTION = YES;
				GCC_WARN_UNUSED_VARIABLE = YES;
				IPHONEOS_DEPLOYMENT_TARGET = 9.3;
				MTL_ENABLE_DEBUG_INFO = YES;
				ONLY_ACTIVE_ARCH = YES;
				SDKROOT = iphoneos;
				TARGETED_DEVICE_FAMILY = "1,2";
			};
			name = Debug;
		};
		74A86D6C1E56EA4A0012D0C9 /* Release */ = {
			isa = XCBuildConfiguration;
			buildSettings = {
				ALWAYS_SEARCH_USER_PATHS = NO;
				CLANG_ANALYZER_NONNULL = YES;
				CLANG_CXX_LANGUAGE_STANDARD = "gnu++0x";
				CLANG_CXX_LIBRARY = "libc++";
				CLANG_ENABLE_MODULES = YES;
				CLANG_ENABLE_OBJC_ARC = YES;
				CLANG_WARN_BOOL_CONVERSION = YES;
				CLANG_WARN_CONSTANT_CONVERSION = YES;
				CLANG_WARN_DIRECT_OBJC_ISA_USAGE = YES_ERROR;
				CLANG_WARN_EMPTY_BODY = YES;
				CLANG_WARN_ENUM_CONVERSION = YES;
				CLANG_WARN_INT_CONVERSION = YES;
				CLANG_WARN_OBJC_ROOT_CLASS = YES_ERROR;
				CLANG_WARN_UNREACHABLE_CODE = YES;
				CLANG_WARN__DUPLICATE_METHOD_MATCH = YES;
				"CODE_SIGN_IDENTITY[sdk=iphoneos*]" = "iPhone Developer";
				COPY_PHASE_STRIP = NO;
				DEBUG_INFORMATION_FORMAT = "dwarf-with-dsym";
				ENABLE_NS_ASSERTIONS = NO;
				ENABLE_STRICT_OBJC_MSGSEND = YES;
				GCC_C_LANGUAGE_STANDARD = gnu99;
				GCC_NO_COMMON_BLOCKS = YES;
				GCC_WARN_64_TO_32_BIT_CONVERSION = YES;
				GCC_WARN_ABOUT_RETURN_TYPE = YES_ERROR;
				GCC_WARN_UNDECLARED_SELECTOR = YES;
				GCC_WARN_UNINITIALIZED_AUTOS = YES_AGGRESSIVE;
				GCC_WARN_UNUSED_FUNCTION = YES;
				GCC_WARN_UNUSED_VARIABLE = YES;
				IPHONEOS_DEPLOYMENT_TARGET = 9.3;
				MTL_ENABLE_DEBUG_INFO = NO;
				SDKROOT = iphoneos;
				TARGETED_DEVICE_FAMILY = "1,2";
				VALIDATE_PRODUCT = YES;
			};
			name = Release;
		};
		74A86D6E1E56EA4A0012D0C9 /* Debug */ = {
			isa = XCBuildConfiguration;
			buildSettings = {
				ASSETCATALOG_COMPILER_APPICON_NAME = AppIcon;
				INFOPLIST_FILE = "验证倒计时/Info.plist";
				LD_RUNPATH_SEARCH_PATHS = "$(inherited) @executable_path/Frameworks";
				PRODUCT_BUNDLE_IDENTIFIER = "-23.-----";
				PRODUCT_NAME = "$(TARGET_NAME)";
			};
			name = Debug;
		};
		74A86D6F1E56EA4A0012D0C9 /* Release */ = {
			isa = XCBuildConfiguration;
			buildSettings = {
				ASSETCATALOG_COMPILER_APPICON_NAME = AppIcon;
				INFOPLIST_FILE = "验证倒计时/Info.plist";
				LD_RUNPATH_SEARCH_PATHS = "$(inherited) @executable_path/Frameworks";
				PRODUCT_BUNDLE_IDENTIFIER = "-23.-----";
				PRODUCT_NAME = "$(TARGET_NAME)";
			};
			name = Release;
		};
		74A86D711E56EA4A0012D0C9 /* Debug */ = {
			isa = XCBuildConfiguration;
			buildSettings = {
				BUNDLE_LOADER = "$(TEST_HOST)";
				INFOPLIST_FILE = "验证倒计时Tests/Info.plist";
				LD_RUNPATH_SEARCH_PATHS = "$(inherited) @executable_path/Frameworks @loader_path/Frameworks";
				PRODUCT_BUNDLE_IDENTIFIER = "-23.-----Tests";
				PRODUCT_NAME = "$(TARGET_NAME)";
				TEST_HOST = "$(BUILT_PRODUCTS_DIR)/验证倒计时.app/验证倒计时";
			};
			name = Debug;
		};
		74A86D721E56EA4A0012D0C9 /* Release */ = {
			isa = XCBuildConfiguration;
			buildSettings = {
				BUNDLE_LOADER = "$(TEST_HOST)";
				INFOPLIST_FILE = "验证倒计时Tests/Info.plist";
				LD_RUNPATH_SEARCH_PATHS = "$(inherited) @executable_path/Frameworks @loader_path/Frameworks";
				PRODUCT_BUNDLE_IDENTIFIER = "-23.-----Tests";
				PRODUCT_NAME = "$(TARGET_NAME)";
				TEST_HOST = "$(BUILT_PRODUCTS_DIR)/验证倒计时.app/验证倒计时";
			};
			name = Release;
		};
		74A86D741E56EA4A0012D0C9 /* Debug */ = {
			isa = XCBuildConfiguration;
			buildSettings = {
				INFOPLIST_FILE = "验证倒计时UITests/Info.plist";
				LD_RUNPATH_SEARCH_PATHS = "$(inherited) @executable_path/Frameworks @loader_path/Frameworks";
				PRODUCT_BUNDLE_IDENTIFIER = "-23.-----UITests";
				PRODUCT_NAME = "$(TARGET_NAME)";
				TEST_TARGET_NAME = "验证倒计时";
			};
			name = Debug;
		};
		74A86D751E56EA4A0012D0C9 /* Release */ = {
			isa = XCBuildConfiguration;
			buildSettings = {
				INFOPLIST_FILE = "验证倒计时UITests/Info.plist";
				LD_RUNPATH_SEARCH_PATHS = "$(inherited) @executable_path/Frameworks @loader_path/Frameworks";
				PRODUCT_BUNDLE_IDENTIFIER = "-23.-----UITests";
				PRODUCT_NAME = "$(TARGET_NAME)";
				TEST_TARGET_NAME = "验证倒计时";
			};
			name = Release;
		};
/* End XCBuildConfiguration section */

/* Begin XCConfigurationList section */
		74A86D3B1E56EA490012D0C9 /* Build configuration list for PBXProject "验证倒计时" */ = {
			isa = XCConfigurationList;
			buildConfigurations = (
				74A86D6B1E56EA4A0012D0C9 /* Debug */,
				74A86D6C1E56EA4A0012D0C9 /* Release */,
			);
			defaultConfigurationIsVisible = 0;
			defaultConfigurationName = Release;
		};
		74A86D6D1E56EA4A0012D0C9 /* Build configuration list for PBXNativeTarget "验证倒计时" */ = {
			isa = XCConfigurationList;
			buildConfigurations = (
				74A86D6E1E56EA4A0012D0C9 /* Debug */,
				74A86D6F1E56EA4A0012D0C9 /* Release */,
			);
			defaultConfigurationIsVisible = 0;
		};
		74A86D701E56EA4A0012D0C9 /* Build configuration list for PBXNativeTarget "验证倒计时Tests" */ = {
			isa = XCConfigurationList;
			buildConfigurations = (
				74A86D711E56EA4A0012D0C9 /* Debug */,
				74A86D721E56EA4A0012D0C9 /* Release */,
			);
			defaultConfigurationIsVisible = 0;
		};
		74A86D731E56EA4A0012D0C9 /* Build configuration list for PBXNativeTarget "验证倒计时UITests" */ = {
			isa = XCConfigurationList;
			buildConfigurations = (
				74A86D741E56EA4A0012D0C9 /* Debug */,
				74A86D751E56EA4A0012D0C9 /* Release */,
			);
			defaultConfigurationIsVisible = 0;
		};
/* End XCConfigurationList section */
	};
	rootObject = 74A86D381E56EA490012D0C9 /* Project object */;
}
